
Microsoft Visual Studio Solution File, Format Version 12.00
# Visual Studio Version 17
VisualStudioVersion = 17.4.33205.214
MinimumVisualStudioVersion = 10.0.40219.1
Project("{00D1A9C2-B5F0-4AF3-8072-F6C62B433612}") = "SFA.DAS.EAS.Employer_Account.Database", "SFA.DAS.EAS.Employer_Account.Database\SFA.DAS.EAS.Employer_Account.Database.sqlproj", "{927A0BEA-B043-4A03-9311-F49CB60541D5}"
EndProject
Project("{2150E333-8FDC-42A3-9474-1A3956D46DE8}") = "PreReqs", "PreReqs", "{15DE899B-AD05-470D-B0F8-E5696141CA9A}"
	ProjectSection(SolutionItems) = preProject
		DevInstall.ps1 = DevInstall.ps1
		GenCert.ps1 = GenCert.ps1
	EndProjectSection
EndProject
Project("{9A19103F-16F7-4668-BE54-9A1E7A4F7556}") = "SFA.DAS.EmployerAccounts.Events", "SFA.DAS.EmployerAccounts.Events\SFA.DAS.EmployerAccounts.Events.csproj", "{0E46510C-0D06-4B63-8E17-B9037DB7C7ED}"
EndProject
Project("{2150E333-8FDC-42A3-9474-1A3956D46DE8}") = "AzureConfiguration", "AzureConfiguration", "{68328FF1-53F2-4737-A983-7E2B67179E17}"
	ProjectSection(SolutionItems) = preProject
		AzureTopicConfigurationStrucuture.json = AzureTopicConfigurationStrucuture.json
	EndProjectSection
EndProject
Project("{9A19103F-16F7-4668-BE54-9A1E7A4F7556}") = "SFA.DAS.EmployerAccounts.Jobs", "SFA.DAS.EmployerAccounts.Jobs\SFA.DAS.EmployerAccounts.Jobs.csproj", "{C129093D-7F7E-4D89-92BF-55407553B191}"
EndProject
Project("{9A19103F-16F7-4668-BE54-9A1E7A4F7556}") = "SFA.DAS.EmployerAccounts.Host", "SFA.DAS.EmployerAccounts.Host\SFA.DAS.EmployerAccounts.Host.csproj", "{6D84017B-D6A3-433A-B66B-DCECAC37741E}"
EndProject
Project("{9A19103F-16F7-4668-BE54-9A1E7A4F7556}") = "SFA.DAS.EmployerAccounts.MessageHandlers", "SFA.DAS.EmployerAccounts.MessageHandlers\SFA.DAS.EmployerAccounts.MessageHandlers.csproj", "{41E84BA4-A174-4DD8-89A1-7F0B4E470E97}"
EndProject
Project("{9A19103F-16F7-4668-BE54-9A1E7A4F7556}") = "SFA.DAS.EmployerAccounts.Messages", "SFA.DAS.EmployerAccounts.Messages\SFA.DAS.EmployerAccounts.Messages.csproj", "{2035D46A-422F-438C-A460-39E60A9F6EAD}"
EndProject
Project("{9A19103F-16F7-4668-BE54-9A1E7A4F7556}") = "SFA.DAS.EmployerAccounts", "SFA.DAS.EmployerAccounts\SFA.DAS.EmployerAccounts.csproj", "{B520A3E4-8259-4309-94D4-4A99FD32D2F7}"
EndProject
Project("{9A19103F-16F7-4668-BE54-9A1E7A4F7556}") = "SFA.DAS.EmployerAccounts.Web", "SFA.DAS.EmployerAccounts.Web\SFA.DAS.EmployerAccounts.Web.csproj", "{4FFEA4C7-0E7D-4A5E-BFC4-1819CAF8905C}"
EndProject
Project("{9A19103F-16F7-4668-BE54-9A1E7A4F7556}") = "SFA.DAS.EmployerAccounts.Api", "SFA.DAS.EmployerAccounts.Api\SFA.DAS.EmployerAccounts.Api.csproj", "{9B6A8DDB-BF37-406D-BA80-2EB8B18D9D90}"
EndProject
Project("{9A19103F-16F7-4668-BE54-9A1E7A4F7556}") = "SFA.DAS.EmployerAccounts.Api.Client", "SFA.DAS.EmployerAccounts.Api.Client\SFA.DAS.EmployerAccounts.Api.Client.csproj", "{98714180-ADDF-4FF9-B928-3E9A557CA4D5}"
EndProject
Project("{2150E333-8FDC-42A3-9474-1A3956D46DE8}") = "Certificates", "Certificates", "{30621570-5457-4505-9B76-D498FEF6C480}"
	ProjectSection(SolutionItems) = preProject
		DasAmlCert.pfx = DasAmlCert.pfx
		DasIDPCert.pfx = DasIDPCert.pfx
		GenCert.ps1 = GenCert.ps1
		Certificates\localhost.pfx = Certificates\localhost.pfx
	EndProjectSection
EndProject
Project("{9A19103F-16F7-4668-BE54-9A1E7A4F7556}") = "SFA.DAS.EmployerAccounts.ReadStore", "SFA.DAS.EmployerAccounts.ReadStore\SFA.DAS.EmployerAccounts.ReadStore\SFA.DAS.EmployerAccounts.ReadStore.csproj", "{51F0BA52-DCCD-4E6A-9F84-3BDFD501A06B}"
EndProject
Project("{9A19103F-16F7-4668-BE54-9A1E7A4F7556}") = "SFA.DAS.EmployerAccounts.Types", "SFA.DAS.EmployerAccounts.Types\SFA.DAS.EmployerAccounts.Types.csproj", "{D3AA1CAA-4367-48A2-B796-FC392B9BEC49}"
EndProject
Project("{9A19103F-16F7-4668-BE54-9A1E7A4F7556}") = "SFA.DAS.EmployerAccounts.Api.Types", "SFA.DAS.EmployerAccounts.Api.Types\SFA.DAS.EmployerAccounts.Api.Types.csproj", "{8057E87B-5893-45D0-93A1-6278EA8BA328}"
EndProject
Global
	GlobalSection(SolutionConfigurationPlatforms) = preSolution
		Debug|Any CPU = Debug|Any CPU
		Release|Any CPU = Release|Any CPU
	EndGlobalSection
	GlobalSection(ProjectConfigurationPlatforms) = postSolution
		{927A0BEA-B043-4A03-9311-F49CB60541D5}.Debug|Any CPU.ActiveCfg = Debug|Any CPU
		{927A0BEA-B043-4A03-9311-F49CB60541D5}.Debug|Any CPU.Build.0 = Debug|Any CPU
		{927A0BEA-B043-4A03-9311-F49CB60541D5}.Debug|Any CPU.Deploy.0 = Debug|Any CPU
		{927A0BEA-B043-4A03-9311-F49CB60541D5}.Release|Any CPU.ActiveCfg = Release|Any CPU
		{927A0BEA-B043-4A03-9311-F49CB60541D5}.Release|Any CPU.Build.0 = Release|Any CPU
		{0E46510C-0D06-4B63-8E17-B9037DB7C7ED}.Debug|Any CPU.ActiveCfg = Debug|Any CPU
		{0E46510C-0D06-4B63-8E17-B9037DB7C7ED}.Debug|Any CPU.Build.0 = Debug|Any CPU
		{0E46510C-0D06-4B63-8E17-B9037DB7C7ED}.Release|Any CPU.ActiveCfg = Release|Any CPU
		{0E46510C-0D06-4B63-8E17-B9037DB7C7ED}.Release|Any CPU.Build.0 = Release|Any CPU
		{C129093D-7F7E-4D89-92BF-55407553B191}.Debug|Any CPU.ActiveCfg = Debug|Any CPU
		{C129093D-7F7E-4D89-92BF-55407553B191}.Debug|Any CPU.Build.0 = Debug|Any CPU
		{C129093D-7F7E-4D89-92BF-55407553B191}.Release|Any CPU.ActiveCfg = Release|Any CPU
		{C129093D-7F7E-4D89-92BF-55407553B191}.Release|Any CPU.Build.0 = Release|Any CPU
		{6D84017B-D6A3-433A-B66B-DCECAC37741E}.Debug|Any CPU.ActiveCfg = Debug|Any CPU
		{6D84017B-D6A3-433A-B66B-DCECAC37741E}.Debug|Any CPU.Build.0 = Debug|Any CPU
		{6D84017B-D6A3-433A-B66B-DCECAC37741E}.Release|Any CPU.ActiveCfg = Release|Any CPU
		{6D84017B-D6A3-433A-B66B-DCECAC37741E}.Release|Any CPU.Build.0 = Release|Any CPU
		{41E84BA4-A174-4DD8-89A1-7F0B4E470E97}.Debug|Any CPU.ActiveCfg = Debug|Any CPU
		{41E84BA4-A174-4DD8-89A1-7F0B4E470E97}.Debug|Any CPU.Build.0 = Debug|Any CPU
		{41E84BA4-A174-4DD8-89A1-7F0B4E470E97}.Release|Any CPU.ActiveCfg = Release|Any CPU
		{41E84BA4-A174-4DD8-89A1-7F0B4E470E97}.Release|Any CPU.Build.0 = Release|Any CPU
		{2035D46A-422F-438C-A460-39E60A9F6EAD}.Debug|Any CPU.ActiveCfg = Debug|Any CPU
		{2035D46A-422F-438C-A460-39E60A9F6EAD}.Debug|Any CPU.Build.0 = Debug|Any CPU
		{2035D46A-422F-438C-A460-39E60A9F6EAD}.Release|Any CPU.ActiveCfg = Release|Any CPU
		{2035D46A-422F-438C-A460-39E60A9F6EAD}.Release|Any CPU.Build.0 = Release|Any CPU
		{B520A3E4-8259-4309-94D4-4A99FD32D2F7}.Debug|Any CPU.ActiveCfg = Debug|Any CPU
		{B520A3E4-8259-4309-94D4-4A99FD32D2F7}.Debug|Any CPU.Build.0 = Debug|Any CPU
		{B520A3E4-8259-4309-94D4-4A99FD32D2F7}.Release|Any CPU.ActiveCfg = Release|Any CPU
		{B520A3E4-8259-4309-94D4-4A99FD32D2F7}.Release|Any CPU.Build.0 = Release|Any CPU
		{4FFEA4C7-0E7D-4A5E-BFC4-1819CAF8905C}.Debug|Any CPU.ActiveCfg = Debug|Any CPU
		{4FFEA4C7-0E7D-4A5E-BFC4-1819CAF8905C}.Debug|Any CPU.Build.0 = Debug|Any CPU
		{4FFEA4C7-0E7D-4A5E-BFC4-1819CAF8905C}.Release|Any CPU.ActiveCfg = Release|Any CPU
		{4FFEA4C7-0E7D-4A5E-BFC4-1819CAF8905C}.Release|Any CPU.Build.0 = Release|Any CPU
		{9B6A8DDB-BF37-406D-BA80-2EB8B18D9D90}.Debug|Any CPU.ActiveCfg = Debug|Any CPU
		{9B6A8DDB-BF37-406D-BA80-2EB8B18D9D90}.Debug|Any CPU.Build.0 = Debug|Any CPU
		{9B6A8DDB-BF37-406D-BA80-2EB8B18D9D90}.Release|Any CPU.ActiveCfg = Release|Any CPU
		{9B6A8DDB-BF37-406D-BA80-2EB8B18D9D90}.Release|Any CPU.Build.0 = Release|Any CPU
		{98714180-ADDF-4FF9-B928-3E9A557CA4D5}.Debug|Any CPU.ActiveCfg = Debug|Any CPU
		{98714180-ADDF-4FF9-B928-3E9A557CA4D5}.Debug|Any CPU.Build.0 = Debug|Any CPU
		{98714180-ADDF-4FF9-B928-3E9A557CA4D5}.Release|Any CPU.ActiveCfg = Release|Any CPU
		{98714180-ADDF-4FF9-B928-3E9A557CA4D5}.Release|Any CPU.Build.0 = Release|Any CPU
		{51F0BA52-DCCD-4E6A-9F84-3BDFD501A06B}.Debug|Any CPU.ActiveCfg = Debug|Any CPU
		{51F0BA52-DCCD-4E6A-9F84-3BDFD501A06B}.Debug|Any CPU.Build.0 = Debug|Any CPU
		{51F0BA52-DCCD-4E6A-9F84-3BDFD501A06B}.Release|Any CPU.ActiveCfg = Release|Any CPU
		{51F0BA52-DCCD-4E6A-9F84-3BDFD501A06B}.Release|Any CPU.Build.0 = Release|Any CPU
		{D3AA1CAA-4367-48A2-B796-FC392B9BEC49}.Debug|Any CPU.ActiveCfg = Debug|Any CPU
		{D3AA1CAA-4367-48A2-B796-FC392B9BEC49}.Debug|Any CPU.Build.0 = Debug|Any CPU
		{D3AA1CAA-4367-48A2-B796-FC392B9BEC49}.Release|Any CPU.ActiveCfg = Release|Any CPU
		{D3AA1CAA-4367-48A2-B796-FC392B9BEC49}.Release|Any CPU.Build.0 = Release|Any CPU
		{8057E87B-5893-45D0-93A1-6278EA8BA328}.Debug|Any CPU.ActiveCfg = Debug|Any CPU
		{8057E87B-5893-45D0-93A1-6278EA8BA328}.Debug|Any CPU.Build.0 = Debug|Any CPU
		{8057E87B-5893-45D0-93A1-6278EA8BA328}.Release|Any CPU.ActiveCfg = Release|Any CPU
		{8057E87B-5893-45D0-93A1-6278EA8BA328}.Release|Any CPU.Build.0 = Release|Any CPU
	EndGlobalSection
	GlobalSection(SolutionProperties) = preSolution
		HideSolutionNode = FALSE
	EndGlobalSection
	GlobalSection(ExtensibilityGlobals) = postSolution
		SolutionGuid = {7BB69664-F8C0-4231-9940-51CE90904197}
	EndGlobalSection
EndGlobal
