
Microsoft Visual Studio Solution File, Format Version 12.00
# Visual Studio 14
VisualStudioVersion = 14.0.25420.1
MinimumVisualStudioVersion = 10.0.40219.1
Project("{FAE04EC0-301F-11D3-BF4B-00C04F79EFBC}") = "SFA.DAS.EAS.Web", "SFA.DAS.EAS.Web\SFA.DAS.EAS.Web.csproj", "{65DB60B1-80F0-432C-926E-7A6DD02A5645}"
EndProject
Project("{2150E333-8FDC-42A3-9474-1A3956D46DE8}") = "Solution Items", "Solution Items", "{A009A248-48A7-4CD5-BF80-8EBD092D6FD4}"
	ProjectSection(SolutionItems) = preProject
		Build.fsx = Build.fsx
		RunBuild.bat = RunBuild.bat
		VSTSConfig.ps1 = VSTSConfig.ps1
	EndProjectSection
EndProject
Project("{2150E333-8FDC-42A3-9474-1A3956D46DE8}") = "Tests", "Tests", "{331690B3-1DA8-408E-B6A7-A3237310E6AB}"
EndProject
Project("{FAE04EC0-301F-11D3-BF4B-00C04F79EFBC}") = "SFA.DAS.EAS.Web.UnitTests", "SFA.DAS.EmployerApprenticeshipsService.Web.UnitTests\SFA.DAS.EAS.Web.UnitTests.csproj", "{BED31C59-63BE-4F2A-A814-4FF848E3F440}"
EndProject
Project("{CC5FD16D-436D-48AD-A40C-5A424C6E3E79}") = "SFA.DAS.CloudService", "SFA.DAS.CloudService\SFA.DAS.CloudService.ccproj", "{97F77CF7-A13E-4441-8081-F941AC1B8BB1}"
EndProject
Project("{FAE04EC0-301F-11D3-BF4B-00C04F79EFBC}") = "SFA.DAS.EAS.Infrastructure", "SFA.DAS.EmployerApprenticeshipsService.Infrastructure\SFA.DAS.EAS.Infrastructure.csproj", "{01AC2BC2-AC01-400F-AB8F-548DD5C0EE74}"
EndProject
Project("{FAE04EC0-301F-11D3-BF4B-00C04F79EFBC}") = "SFA.DAS.EAS.Domain", "SFA.DAS.EmployerApprenticeshipsService.Domain\SFA.DAS.EAS.Domain.csproj", "{EC415CDA-9294-4967-BD27-AA900985427D}"
EndProject
Project("{FAE04EC0-301F-11D3-BF4B-00C04F79EFBC}") = "SFA.DAS.EAS.Application.UnitTests", "SFA.DAS.EmployerApprenticeshipsService.Application.UnitTests\SFA.DAS.EAS.Application.UnitTests.csproj", "{9DD77DF0-827E-4C14-B14B-B991BF26FD8C}"
EndProject
Project("{00D1A9C2-B5F0-4AF3-8072-F6C62B433612}") = "SFA.DAS.EAS.Employer_Account.Database", "SFA.DAS.EAS.Employer_Account.Database\SFA.DAS.EAS.Employer_Account.Database.sqlproj", "{927A0BEA-B043-4A03-9311-F49CB60541D5}"
EndProject
Project("{FAE04EC0-301F-11D3-BF4B-00C04F79EFBC}") = "SFA.DAS.EAS.LevyDeclarationProvider.Worker", "SFA.DAS.LevyDeclarationProvider.Worker\SFA.DAS.EAS.LevyDeclarationProvider.Worker.csproj", "{386ADB6F-CE56-4AFD-B762-DE93E74AFD41}"
EndProject
Project("{FAE04EC0-301F-11D3-BF4B-00C04F79EFBC}") = "SFA.DAS.EAS.LevyDeclarationProvider.Worker.UnitTests", "SFA.DAS.LevyDeclarationProvider.Worker.UnitTests\SFA.DAS.EAS.LevyDeclarationProvider.Worker.UnitTests.csproj", "{8EFAE9BB-8F29-4E3D-9EA4-C1F3D07E78D5}"
EndProject
Project("{FAE04EC0-301F-11D3-BF4B-00C04F79EFBC}") = "SFA.DAS.EAS.TestCommon", "SFA.DAS.EmployerApprenticeshipsService.TestCommon\SFA.DAS.EAS.TestCommon.csproj", "{05D7C094-E2C9-4CCD-B0D7-85D263254B26}"
EndProject
Project("{FAE04EC0-301F-11D3-BF4B-00C04F79EFBC}") = "SFA.DAS.EAS.Application", "SFA.DAS.EmployerApprenticeshipsService.Application\SFA.DAS.EAS.Application.csproj", "{0226F97A-704E-49B0-A100-B75FEEC9C8AD}"
EndProject
Project("{FAE04EC0-301F-11D3-BF4B-00C04F79EFBC}") = "SFA.DAS.EAS.Web.AcceptanceTests", "SFA.DAS.EmployerApprenticeshipsService.Web.AcceptanceTests\SFA.DAS.EAS.Web.AcceptanceTests.csproj", "{456CA894-116B-4708-A5AB-4B81FAAA1FAD}"
EndProject
Project("{FAE04EC0-301F-11D3-BF4B-00C04F79EFBC}") = "SFA.DAS.EAS.Infrastructure.UnitTests", "SFA.DAS.EAS.Infrastructure.UnitTests\SFA.DAS.EAS.Infrastructure.UnitTests.csproj", "{8A2A2059-CB81-4336-8D08-BDCB37901B96}"
EndProject
Project("{2150E333-8FDC-42A3-9474-1A3956D46DE8}") = "PreReqs", "PreReqs", "{15DE899B-AD05-470D-B0F8-E5696141CA9A}"
	ProjectSection(SolutionItems) = preProject
		DasAmlCert.pfx = DasAmlCert.pfx
		DasIDPCert.pfx = DasIDPCert.pfx
		DevInstall.ps1 = DevInstall.ps1
		localhost.pfx = localhost.pfx
	EndProjectSection
EndProject
Project("{00D1A9C2-B5F0-4AF3-8072-F6C62B433612}") = "SFA.DAS.EAS.Employer_Financial.Database", "SFA.DAS.EAS.Employer_Financial.Database\SFA.DAS.EAS.Employer_Financial.Database.sqlproj", "{6C145D4A-CBA9-439C-984E-0A5953CBE04D}"
EndProject
Project("{FAE04EC0-301F-11D3-BF4B-00C04F79EFBC}") = "SFA.DAS.EAS.LevyAggregationProvider.Worker.AcceptanceTests", "SFA.DAS.LevyAggregationProvider.Worker.AcceptanceTests\SFA.DAS.EAS.LevyAggregationProvider.Worker.AcceptanceTests.csproj", "{093678BE-45CD-4EC9-9EB0-3665C74E0E38}"
EndProject
Project("{FAE04EC0-301F-11D3-BF4B-00C04F79EFBC}") = "SFA.DAS.EAS.Domain.UnitTests", "SFA.DAS.EmployerApprenticeshipsService.Domain.UnitTests\SFA.DAS.EAS.Domain.UnitTests.csproj", "{2CD30C50-6D64-4880-ACDC-D14E6BDF4462}"
EndProject
Project("{FAE04EC0-301F-11D3-BF4B-00C04F79EFBC}") = "SFA.DAS.EAS.Account.Api", "SFA.DAS.EAS.Api\SFA.DAS.EAS.Account.Api.csproj", "{40190475-1220-4CF8-8A60-223FACAFEDA1}"
EndProject
Project("{FAE04EC0-301F-11D3-BF4B-00C04F79EFBC}") = "SFA.DAS.EAS.Account.Api.Client", "SFA.DAS.Account.Api.Client\SFA.DAS.EAS.Account.Api.Client.csproj", "{0F0122D6-36F6-4D6C-856E-3DAAE1B13464}"
EndProject
Project("{FAE04EC0-301F-11D3-BF4B-00C04F79EFBC}") = "SFA.DAS.EAS.Account.Api.Client.UnitTests", "SFA.DAS.Account.Api.Client.UnitTests\SFA.DAS.EAS.Account.Api.Client.UnitTests.csproj", "{47A8FD28-BC68-4938-A508-95482FB98BA5}"
EndProject
Project("{FAE04EC0-301F-11D3-BF4B-00C04F79EFBC}") = "SFA.DAS.EAS.LevyAccountUpdater.WebJob", "SFA.DAS.EAS.LevyAccountUpdater.WebJob\SFA.DAS.EAS.LevyAccountUpdater.WebJob.csproj", "{7220FB76-1DDB-4F58-9D67-F073CD6BBA02}"
EndProject
Project("{FAE04EC0-301F-11D3-BF4B-00C04F79EFBC}") = "SFA.DAS.EAS.LevyAccountUpdater.UnitTests", "SFA.DAS.EAS.LevyAccountUpdater.UnitTests\SFA.DAS.EAS.LevyAccountUpdater.UnitTests.csproj", "{604152AB-9AB4-4A97-9A09-131F6C040CFD}"
EndProject
Project("{FAE04EC0-301F-11D3-BF4B-00C04F79EFBC}") = "SFA.DAS.EAS.PaymentUpdater.WebJob", "SFA.DAS.EAS.PaymentUpdater.WebJob\SFA.DAS.EAS.PaymentUpdater.WebJob.csproj", "{09CAD527-1455-44F2-A857-14C695FDEE3F}"
EndProject
Project("{FAE04EC0-301F-11D3-BF4B-00C04F79EFBC}") = "SFA.DAS.EAS.PaymentUpdater.WebJob.UnitTests", "SFA.DAS.EAS.PaymentUpdater.WebJob.UnitTests\SFA.DAS.EAS.PaymentUpdater.WebJob.UnitTests.csproj", "{1E6E4E4E-D876-4D0B-8672-85D385FE640E}"
EndProject
Project("{FAE04EC0-301F-11D3-BF4B-00C04F79EFBC}") = "SFA.DAS.EAS.Host.WebJob", "SFA.DAS.EAS.Host.WebJob\SFA.DAS.EAS.Host.WebJob.csproj", "{75D748C3-A999-4F0C-A910-F4C06C457EBE}"
EndProject
Project("{FAE04EC0-301F-11D3-BF4B-00C04F79EFBC}") = "SFA.DAS.EAS.PaymentProvider.Worker", "SFA.DAS.EAS.PaymentProvider.Worker\SFA.DAS.EAS.PaymentProvider.Worker.csproj", "{52069B5E-6A8D-413E-B4BD-A7C7C4FD2CCF}"
EndProject
Project("{FAE04EC0-301F-11D3-BF4B-00C04F79EFBC}") = "SFA.DAS.EAS.PaymentProvider.Worker.UnitTests", "SFA.DAS.EAS.PaymentProvider.Worker.UnitTests\SFA.DAS.EAS.PaymentProvider.Worker.UnitTests.csproj", "{4FB1B694-7D97-4735-9978-81E827B8DBD4}"
EndProject
Project("{CC5FD16D-436D-48AD-A40C-5A424C6E3E79}") = "SFA.DAS.API", "SFA.DAS.API\SFA.DAS.API.ccproj", "{D89C34DD-1A5B-4A18-9EA1-3D5846F228CF}"
EndProject
Project("{FAE04EC0-301F-11D3-BF4B-00C04F79EFBC}") = "SFA.DAS.EAS.Account.Api.UnitTests", "SFA.DAS.EAS.Account.Api.UnitTests\SFA.DAS.EAS.Account.Api.UnitTests.csproj", "{58339964-2584-4CB1-B6B6-BAF28AA20FE8}"
EndProject
Project("{2150E333-8FDC-42A3-9474-1A3956D46DE8}") = "Tools", "Tools", "{ADBEB366-0CD1-42EB-AC83-0E3B8EBB6F3B}"
EndProject
Project("{FAE04EC0-301F-11D3-BF4B-00C04F79EFBC}") = "SFA.DAS.EAS.PublicSectorDataJsonFormatter", "SFA.DAS.EAS.PublicSectorDataJsonFormatter\SFA.DAS.EAS.PublicSectorDataJsonFormatter.csproj", "{784985A7-9103-42E0-AF17-A4D1878B96DB}"
EndProject
Global
	GlobalSection(SolutionConfigurationPlatforms) = preSolution
		Debug|Any CPU = Debug|Any CPU
		Release|Any CPU = Release|Any CPU
	EndGlobalSection
	GlobalSection(ProjectConfigurationPlatforms) = postSolution
		{65DB60B1-80F0-432C-926E-7A6DD02A5645}.Debug|Any CPU.ActiveCfg = Debug|Any CPU
		{65DB60B1-80F0-432C-926E-7A6DD02A5645}.Debug|Any CPU.Build.0 = Debug|Any CPU
		{65DB60B1-80F0-432C-926E-7A6DD02A5645}.Release|Any CPU.ActiveCfg = Release|Any CPU
		{65DB60B1-80F0-432C-926E-7A6DD02A5645}.Release|Any CPU.Build.0 = Release|Any CPU
		{BED31C59-63BE-4F2A-A814-4FF848E3F440}.Debug|Any CPU.ActiveCfg = Debug|Any CPU
		{BED31C59-63BE-4F2A-A814-4FF848E3F440}.Debug|Any CPU.Build.0 = Debug|Any CPU
		{BED31C59-63BE-4F2A-A814-4FF848E3F440}.Release|Any CPU.ActiveCfg = Release|Any CPU
		{BED31C59-63BE-4F2A-A814-4FF848E3F440}.Release|Any CPU.Build.0 = Release|Any CPU
		{97F77CF7-A13E-4441-8081-F941AC1B8BB1}.Debug|Any CPU.ActiveCfg = Debug|Any CPU
		{97F77CF7-A13E-4441-8081-F941AC1B8BB1}.Debug|Any CPU.Build.0 = Debug|Any CPU
		{97F77CF7-A13E-4441-8081-F941AC1B8BB1}.Release|Any CPU.ActiveCfg = Release|Any CPU
		{97F77CF7-A13E-4441-8081-F941AC1B8BB1}.Release|Any CPU.Build.0 = Release|Any CPU
		{01AC2BC2-AC01-400F-AB8F-548DD5C0EE74}.Debug|Any CPU.ActiveCfg = Debug|Any CPU
		{01AC2BC2-AC01-400F-AB8F-548DD5C0EE74}.Debug|Any CPU.Build.0 = Debug|Any CPU
		{01AC2BC2-AC01-400F-AB8F-548DD5C0EE74}.Release|Any CPU.ActiveCfg = Release|Any CPU
		{01AC2BC2-AC01-400F-AB8F-548DD5C0EE74}.Release|Any CPU.Build.0 = Release|Any CPU
		{EC415CDA-9294-4967-BD27-AA900985427D}.Debug|Any CPU.ActiveCfg = Debug|Any CPU
		{EC415CDA-9294-4967-BD27-AA900985427D}.Debug|Any CPU.Build.0 = Debug|Any CPU
		{EC415CDA-9294-4967-BD27-AA900985427D}.Release|Any CPU.ActiveCfg = Release|Any CPU
		{EC415CDA-9294-4967-BD27-AA900985427D}.Release|Any CPU.Build.0 = Release|Any CPU
		{9DD77DF0-827E-4C14-B14B-B991BF26FD8C}.Debug|Any CPU.ActiveCfg = Debug|Any CPU
		{9DD77DF0-827E-4C14-B14B-B991BF26FD8C}.Debug|Any CPU.Build.0 = Debug|Any CPU
		{9DD77DF0-827E-4C14-B14B-B991BF26FD8C}.Release|Any CPU.ActiveCfg = Release|Any CPU
		{9DD77DF0-827E-4C14-B14B-B991BF26FD8C}.Release|Any CPU.Build.0 = Release|Any CPU
		{927A0BEA-B043-4A03-9311-F49CB60541D5}.Debug|Any CPU.ActiveCfg = Debug|Any CPU
		{927A0BEA-B043-4A03-9311-F49CB60541D5}.Debug|Any CPU.Build.0 = Debug|Any CPU
		{927A0BEA-B043-4A03-9311-F49CB60541D5}.Debug|Any CPU.Deploy.0 = Debug|Any CPU
		{927A0BEA-B043-4A03-9311-F49CB60541D5}.Release|Any CPU.ActiveCfg = Release|Any CPU
		{386ADB6F-CE56-4AFD-B762-DE93E74AFD41}.Debug|Any CPU.ActiveCfg = Debug|Any CPU
		{386ADB6F-CE56-4AFD-B762-DE93E74AFD41}.Debug|Any CPU.Build.0 = Debug|Any CPU
		{386ADB6F-CE56-4AFD-B762-DE93E74AFD41}.Release|Any CPU.ActiveCfg = Release|Any CPU
		{386ADB6F-CE56-4AFD-B762-DE93E74AFD41}.Release|Any CPU.Build.0 = Release|Any CPU
		{8EFAE9BB-8F29-4E3D-9EA4-C1F3D07E78D5}.Debug|Any CPU.ActiveCfg = Debug|Any CPU
		{8EFAE9BB-8F29-4E3D-9EA4-C1F3D07E78D5}.Debug|Any CPU.Build.0 = Debug|Any CPU
		{8EFAE9BB-8F29-4E3D-9EA4-C1F3D07E78D5}.Release|Any CPU.ActiveCfg = Release|Any CPU
		{8EFAE9BB-8F29-4E3D-9EA4-C1F3D07E78D5}.Release|Any CPU.Build.0 = Release|Any CPU
		{05D7C094-E2C9-4CCD-B0D7-85D263254B26}.Debug|Any CPU.ActiveCfg = Debug|Any CPU
		{05D7C094-E2C9-4CCD-B0D7-85D263254B26}.Debug|Any CPU.Build.0 = Debug|Any CPU
		{05D7C094-E2C9-4CCD-B0D7-85D263254B26}.Release|Any CPU.ActiveCfg = Release|Any CPU
		{05D7C094-E2C9-4CCD-B0D7-85D263254B26}.Release|Any CPU.Build.0 = Release|Any CPU
		{0226F97A-704E-49B0-A100-B75FEEC9C8AD}.Debug|Any CPU.ActiveCfg = Debug|Any CPU
		{0226F97A-704E-49B0-A100-B75FEEC9C8AD}.Debug|Any CPU.Build.0 = Debug|Any CPU
		{0226F97A-704E-49B0-A100-B75FEEC9C8AD}.Release|Any CPU.ActiveCfg = Release|Any CPU
		{0226F97A-704E-49B0-A100-B75FEEC9C8AD}.Release|Any CPU.Build.0 = Release|Any CPU
		{456CA894-116B-4708-A5AB-4B81FAAA1FAD}.Debug|Any CPU.ActiveCfg = Debug|Any CPU
		{456CA894-116B-4708-A5AB-4B81FAAA1FAD}.Debug|Any CPU.Build.0 = Debug|Any CPU
		{456CA894-116B-4708-A5AB-4B81FAAA1FAD}.Release|Any CPU.ActiveCfg = Release|Any CPU
		{456CA894-116B-4708-A5AB-4B81FAAA1FAD}.Release|Any CPU.Build.0 = Release|Any CPU
		{8A2A2059-CB81-4336-8D08-BDCB37901B96}.Debug|Any CPU.ActiveCfg = Debug|Any CPU
		{8A2A2059-CB81-4336-8D08-BDCB37901B96}.Debug|Any CPU.Build.0 = Debug|Any CPU
		{8A2A2059-CB81-4336-8D08-BDCB37901B96}.Release|Any CPU.ActiveCfg = Release|Any CPU
		{8A2A2059-CB81-4336-8D08-BDCB37901B96}.Release|Any CPU.Build.0 = Release|Any CPU
		{6C145D4A-CBA9-439C-984E-0A5953CBE04D}.Debug|Any CPU.ActiveCfg = Debug|Any CPU
		{6C145D4A-CBA9-439C-984E-0A5953CBE04D}.Debug|Any CPU.Build.0 = Debug|Any CPU
		{6C145D4A-CBA9-439C-984E-0A5953CBE04D}.Debug|Any CPU.Deploy.0 = Debug|Any CPU
		{6C145D4A-CBA9-439C-984E-0A5953CBE04D}.Release|Any CPU.ActiveCfg = Release|Any CPU
		{6C145D4A-CBA9-439C-984E-0A5953CBE04D}.Release|Any CPU.Deploy.0 = Release|Any CPU
		{093678BE-45CD-4EC9-9EB0-3665C74E0E38}.Debug|Any CPU.ActiveCfg = Debug|Any CPU
		{093678BE-45CD-4EC9-9EB0-3665C74E0E38}.Debug|Any CPU.Build.0 = Debug|Any CPU
		{093678BE-45CD-4EC9-9EB0-3665C74E0E38}.Release|Any CPU.ActiveCfg = Release|Any CPU
		{093678BE-45CD-4EC9-9EB0-3665C74E0E38}.Release|Any CPU.Build.0 = Release|Any CPU
		{2CD30C50-6D64-4880-ACDC-D14E6BDF4462}.Debug|Any CPU.ActiveCfg = Debug|Any CPU
		{2CD30C50-6D64-4880-ACDC-D14E6BDF4462}.Debug|Any CPU.Build.0 = Debug|Any CPU
		{2CD30C50-6D64-4880-ACDC-D14E6BDF4462}.Release|Any CPU.ActiveCfg = Release|Any CPU
		{2CD30C50-6D64-4880-ACDC-D14E6BDF4462}.Release|Any CPU.Build.0 = Release|Any CPU
		{40190475-1220-4CF8-8A60-223FACAFEDA1}.Debug|Any CPU.ActiveCfg = Debug|Any CPU
		{40190475-1220-4CF8-8A60-223FACAFEDA1}.Debug|Any CPU.Build.0 = Debug|Any CPU
		{40190475-1220-4CF8-8A60-223FACAFEDA1}.Release|Any CPU.ActiveCfg = Release|Any CPU
		{40190475-1220-4CF8-8A60-223FACAFEDA1}.Release|Any CPU.Build.0 = Release|Any CPU
		{0F0122D6-36F6-4D6C-856E-3DAAE1B13464}.Debug|Any CPU.ActiveCfg = Debug|Any CPU
		{0F0122D6-36F6-4D6C-856E-3DAAE1B13464}.Debug|Any CPU.Build.0 = Debug|Any CPU
		{0F0122D6-36F6-4D6C-856E-3DAAE1B13464}.Release|Any CPU.ActiveCfg = Release|Any CPU
		{0F0122D6-36F6-4D6C-856E-3DAAE1B13464}.Release|Any CPU.Build.0 = Release|Any CPU
		{47A8FD28-BC68-4938-A508-95482FB98BA5}.Debug|Any CPU.ActiveCfg = Debug|Any CPU
		{47A8FD28-BC68-4938-A508-95482FB98BA5}.Debug|Any CPU.Build.0 = Debug|Any CPU
		{47A8FD28-BC68-4938-A508-95482FB98BA5}.Release|Any CPU.ActiveCfg = Release|Any CPU
		{47A8FD28-BC68-4938-A508-95482FB98BA5}.Release|Any CPU.Build.0 = Release|Any CPU
		{7220FB76-1DDB-4F58-9D67-F073CD6BBA02}.Debug|Any CPU.ActiveCfg = Debug|Any CPU
		{7220FB76-1DDB-4F58-9D67-F073CD6BBA02}.Debug|Any CPU.Build.0 = Debug|Any CPU
		{7220FB76-1DDB-4F58-9D67-F073CD6BBA02}.Release|Any CPU.ActiveCfg = Release|Any CPU
		{7220FB76-1DDB-4F58-9D67-F073CD6BBA02}.Release|Any CPU.Build.0 = Release|Any CPU
		{604152AB-9AB4-4A97-9A09-131F6C040CFD}.Debug|Any CPU.ActiveCfg = Debug|Any CPU
		{604152AB-9AB4-4A97-9A09-131F6C040CFD}.Debug|Any CPU.Build.0 = Debug|Any CPU
		{604152AB-9AB4-4A97-9A09-131F6C040CFD}.Release|Any CPU.ActiveCfg = Release|Any CPU
		{604152AB-9AB4-4A97-9A09-131F6C040CFD}.Release|Any CPU.Build.0 = Release|Any CPU
		{09CAD527-1455-44F2-A857-14C695FDEE3F}.Debug|Any CPU.ActiveCfg = Debug|Any CPU
		{09CAD527-1455-44F2-A857-14C695FDEE3F}.Debug|Any CPU.Build.0 = Debug|Any CPU
		{09CAD527-1455-44F2-A857-14C695FDEE3F}.Release|Any CPU.ActiveCfg = Release|Any CPU
		{09CAD527-1455-44F2-A857-14C695FDEE3F}.Release|Any CPU.Build.0 = Release|Any CPU
		{1E6E4E4E-D876-4D0B-8672-85D385FE640E}.Debug|Any CPU.ActiveCfg = Debug|Any CPU
		{1E6E4E4E-D876-4D0B-8672-85D385FE640E}.Debug|Any CPU.Build.0 = Debug|Any CPU
		{1E6E4E4E-D876-4D0B-8672-85D385FE640E}.Release|Any CPU.ActiveCfg = Release|Any CPU
		{1E6E4E4E-D876-4D0B-8672-85D385FE640E}.Release|Any CPU.Build.0 = Release|Any CPU
		{75D748C3-A999-4F0C-A910-F4C06C457EBE}.Debug|Any CPU.ActiveCfg = Debug|Any CPU
		{75D748C3-A999-4F0C-A910-F4C06C457EBE}.Debug|Any CPU.Build.0 = Debug|Any CPU
		{75D748C3-A999-4F0C-A910-F4C06C457EBE}.Release|Any CPU.ActiveCfg = Release|Any CPU
		{75D748C3-A999-4F0C-A910-F4C06C457EBE}.Release|Any CPU.Build.0 = Release|Any CPU
		{52069B5E-6A8D-413E-B4BD-A7C7C4FD2CCF}.Debug|Any CPU.ActiveCfg = Debug|Any CPU
		{52069B5E-6A8D-413E-B4BD-A7C7C4FD2CCF}.Debug|Any CPU.Build.0 = Debug|Any CPU
		{52069B5E-6A8D-413E-B4BD-A7C7C4FD2CCF}.Release|Any CPU.ActiveCfg = Release|Any CPU
		{52069B5E-6A8D-413E-B4BD-A7C7C4FD2CCF}.Release|Any CPU.Build.0 = Release|Any CPU
		{4FB1B694-7D97-4735-9978-81E827B8DBD4}.Debug|Any CPU.ActiveCfg = Debug|Any CPU
		{4FB1B694-7D97-4735-9978-81E827B8DBD4}.Debug|Any CPU.Build.0 = Debug|Any CPU
		{4FB1B694-7D97-4735-9978-81E827B8DBD4}.Release|Any CPU.ActiveCfg = Release|Any CPU
		{4FB1B694-7D97-4735-9978-81E827B8DBD4}.Release|Any CPU.Build.0 = Release|Any CPU
		{D89C34DD-1A5B-4A18-9EA1-3D5846F228CF}.Debug|Any CPU.ActiveCfg = Debug|Any CPU
		{D89C34DD-1A5B-4A18-9EA1-3D5846F228CF}.Debug|Any CPU.Build.0 = Debug|Any CPU
		{D89C34DD-1A5B-4A18-9EA1-3D5846F228CF}.Release|Any CPU.ActiveCfg = Release|Any CPU
		{D89C34DD-1A5B-4A18-9EA1-3D5846F228CF}.Release|Any CPU.Build.0 = Release|Any CPU
		{58339964-2584-4CB1-B6B6-BAF28AA20FE8}.Debug|Any CPU.ActiveCfg = Debug|Any CPU
		{58339964-2584-4CB1-B6B6-BAF28AA20FE8}.Debug|Any CPU.Build.0 = Debug|Any CPU
		{58339964-2584-4CB1-B6B6-BAF28AA20FE8}.Release|Any CPU.ActiveCfg = Release|Any CPU
		{58339964-2584-4CB1-B6B6-BAF28AA20FE8}.Release|Any CPU.Build.0 = Release|Any CPU
		{784985A7-9103-42E0-AF17-A4D1878B96DB}.Debug|Any CPU.ActiveCfg = Debug|Any CPU
		{784985A7-9103-42E0-AF17-A4D1878B96DB}.Debug|Any CPU.Build.0 = Debug|Any CPU
		{784985A7-9103-42E0-AF17-A4D1878B96DB}.Release|Any CPU.ActiveCfg = Release|Any CPU
		{784985A7-9103-42E0-AF17-A4D1878B96DB}.Release|Any CPU.Build.0 = Release|Any CPU
	EndGlobalSection
	GlobalSection(SolutionProperties) = preSolution
		HideSolutionNode = FALSE
	EndGlobalSection
	GlobalSection(NestedProjects) = preSolution
		{BED31C59-63BE-4F2A-A814-4FF848E3F440} = {331690B3-1DA8-408E-B6A7-A3237310E6AB}
		{9DD77DF0-827E-4C14-B14B-B991BF26FD8C} = {331690B3-1DA8-408E-B6A7-A3237310E6AB}
		{8EFAE9BB-8F29-4E3D-9EA4-C1F3D07E78D5} = {331690B3-1DA8-408E-B6A7-A3237310E6AB}
		{05D7C094-E2C9-4CCD-B0D7-85D263254B26} = {331690B3-1DA8-408E-B6A7-A3237310E6AB}
		{456CA894-116B-4708-A5AB-4B81FAAA1FAD} = {331690B3-1DA8-408E-B6A7-A3237310E6AB}
		{8A2A2059-CB81-4336-8D08-BDCB37901B96} = {331690B3-1DA8-408E-B6A7-A3237310E6AB}
		{093678BE-45CD-4EC9-9EB0-3665C74E0E38} = {331690B3-1DA8-408E-B6A7-A3237310E6AB}
		{2CD30C50-6D64-4880-ACDC-D14E6BDF4462} = {331690B3-1DA8-408E-B6A7-A3237310E6AB}
		{47A8FD28-BC68-4938-A508-95482FB98BA5} = {331690B3-1DA8-408E-B6A7-A3237310E6AB}
		{604152AB-9AB4-4A97-9A09-131F6C040CFD} = {331690B3-1DA8-408E-B6A7-A3237310E6AB}
		{1E6E4E4E-D876-4D0B-8672-85D385FE640E} = {331690B3-1DA8-408E-B6A7-A3237310E6AB}
		{4FB1B694-7D97-4735-9978-81E827B8DBD4} = {331690B3-1DA8-408E-B6A7-A3237310E6AB}
		{58339964-2584-4CB1-B6B6-BAF28AA20FE8} = {331690B3-1DA8-408E-B6A7-A3237310E6AB}
		{784985A7-9103-42E0-AF17-A4D1878B96DB} = {ADBEB366-0CD1-42EB-AC83-0E3B8EBB6F3B}
	EndGlobalSection
EndGlobal
