
Microsoft Visual Studio Solution File, Format Version 12.00
# Visual Studio 14
VisualStudioVersion = 14.0.25420.1
MinimumVisualStudioVersion = 10.0.40219.1
Project("{FAE04EC0-301F-11D3-BF4B-00C04F79EFBC}") = "SFA.DAS.EmployerApprenticeshipsService.Web", "SFA.DAS.EmployerApprenticeshipsService.Web\SFA.DAS.EmployerApprenticeshipsService.Web.csproj", "{65DB60B1-80F0-432C-926E-7A6DD02A5645}"
EndProject
Project("{2150E333-8FDC-42A3-9474-1A3956D46DE8}") = "Solution Items", "Solution Items", "{A009A248-48A7-4CD5-BF80-8EBD092D6FD4}"
	ProjectSection(SolutionItems) = preProject
		Build.fsx = Build.fsx
		RunBuild.bat = RunBuild.bat
	EndProjectSection
EndProject
Project("{2150E333-8FDC-42A3-9474-1A3956D46DE8}") = "Tests", "Tests", "{331690B3-1DA8-408E-B6A7-A3237310E6AB}"
EndProject
Project("{FAE04EC0-301F-11D3-BF4B-00C04F79EFBC}") = "SFA.DAS.EmployerApprenticeshipsService.Web.UnitTests", "SFA.DAS.EmployerApprenticeshipsService.Web.UnitTests\SFA.DAS.EmployerApprenticeshipsService.Web.UnitTests.csproj", "{BED31C59-63BE-4F2A-A814-4FF848E3F440}"
EndProject
Project("{CC5FD16D-436D-48AD-A40C-5A424C6E3E79}") = "SFA.DAS.CloudService", "SFA.DAS.CloudService\SFA.DAS.CloudService.ccproj", "{97F77CF7-A13E-4441-8081-F941AC1B8BB1}"
EndProject
Project("{FAE04EC0-301F-11D3-BF4B-00C04F79EFBC}") = "SFA.DAS.EmployerApprenticeshipsService.Infrastructure", "SFA.DAS.EmployerApprenticeshipsService.Infrastructure\SFA.DAS.EmployerApprenticeshipsService.Infrastructure.csproj", "{01AC2BC2-AC01-400F-AB8F-548DD5C0EE74}"
EndProject
Project("{FAE04EC0-301F-11D3-BF4B-00C04F79EFBC}") = "SFA.DAS.EmployerApprenticeshipsService.Domain", "SFA.DAS.EmployerApprenticeshipsService.Domain\SFA.DAS.EmployerApprenticeshipsService.Domain.csproj", "{EC415CDA-9294-4967-BD27-AA900985427D}"
EndProject
Project("{FAE04EC0-301F-11D3-BF4B-00C04F79EFBC}") = "SFA.DAS.EmployerApprenticeshipsService.Application.UnitTests", "SFA.DAS.EmployerApprenticeshipsService.Application.UnitTests\SFA.DAS.EmployerApprenticeshipsService.Application.UnitTests.csproj", "{9DD77DF0-827E-4C14-B14B-B991BF26FD8C}"
EndProject
Project("{00D1A9C2-B5F0-4AF3-8072-F6C62B433612}") = "SFA.DAS.EmployerApprenticeshipsService.Account.Database", "SFA.DAS.EmployerApprenticeshipsService.Database\SFA.DAS.EmployerApprenticeshipsService.Account.Database.sqlproj", "{927A0BEA-B043-4A03-9311-F49CB60541D5}"
EndProject
Project("{FAE04EC0-301F-11D3-BF4B-00C04F79EFBC}") = "SFA.DAS.LevyDeclarationProvider.Worker", "SFA.DAS.LevyDeclarationProvider.Worker\SFA.DAS.LevyDeclarationProvider.Worker.csproj", "{386ADB6F-CE56-4AFD-B762-DE93E74AFD41}"
EndProject
Project("{FAE04EC0-301F-11D3-BF4B-00C04F79EFBC}") = "SFA.DAS.LevyDeclarationProvider.Worker.UnitTests", "SFA.DAS.LevyDeclarationProvider.Worker.UnitTests\SFA.DAS.LevyDeclarationProvider.Worker.UnitTests.csproj", "{8EFAE9BB-8F29-4E3D-9EA4-C1F3D07E78D5}"
EndProject
Project("{FAE04EC0-301F-11D3-BF4B-00C04F79EFBC}") = "SFA.DAS.LevyAggregationProvider.Worker", "SFA.DAS.LevyAggregationProvider.Worker\SFA.DAS.LevyAggregationProvider.Worker.csproj", "{C1AB252E-8041-41CC-B192-CF543F4AEB13}"
EndProject
Project("{FAE04EC0-301F-11D3-BF4B-00C04F79EFBC}") = "SFA.DAS.LevyAggregationProvider.Worker.UnitTests", "SFA.DAS.LevyAggregationProvider.Worker.UnitTests\SFA.DAS.LevyAggregationProvider.Worker.UnitTests.csproj", "{88E7DB8E-7A95-4EA1-8CDF-7406188D642D}"
EndProject
Project("{FAE04EC0-301F-11D3-BF4B-00C04F79EFBC}") = "SFA.DAS.EmployerApprenticeshipsService.TestCommon", "SFA.DAS.EmployerApprenticeshipsService.TestCommon\SFA.DAS.EmployerApprenticeshipsService.TestCommon.csproj", "{05D7C094-E2C9-4CCD-B0D7-85D263254B26}"
EndProject
Project("{FAE04EC0-301F-11D3-BF4B-00C04F79EFBC}") = "SFA.DAS.EmployerApprenticeshipsService.Application", "SFA.DAS.EmployerApprenticeshipsService.Application\SFA.DAS.EmployerApprenticeshipsService.Application.csproj", "{0226F97A-704E-49B0-A100-B75FEEC9C8AD}"
EndProject
Project("{FAE04EC0-301F-11D3-BF4B-00C04F79EFBC}") = "SFA.DAS.EAS.Notification.Worker", "SFA.DAS.EAS.Notification.Worker\SFA.DAS.EAS.Notification.Worker.csproj", "{275B7C02-04EA-4064-867D-C15025A55D7D}"
EndProject
Project("{FAE04EC0-301F-11D3-BF4B-00C04F79EFBC}") = "SFA.DAS.EAS.Notification.Worker.UnitTests", "SFA.DAS.EAS.Notification.Worker.UnitTests\SFA.DAS.EAS.Notification.Worker.UnitTests.csproj", "{9E9A26C8-BFE9-4DA7-A7D9-06A5CF63C0EB}"
EndProject
Project("{FAE04EC0-301F-11D3-BF4B-00C04F79EFBC}") = "SFA.DAS.EmployerApprenticeshipsService.Web.AcceptanceTests", "SFA.DAS.EmployerApprenticeshipsService.Web.AcceptanceTests\SFA.DAS.EmployerApprenticeshipsService.Web.AcceptanceTests.csproj", "{456CA894-116B-4708-A5AB-4B81FAAA1FAD}"
EndProject
Project("{FAE04EC0-301F-11D3-BF4B-00C04F79EFBC}") = "SFA.DAS.EAS.Infrastructure.UnitTests", "SFA.DAS.EAS.Infrastructure.UnitTests\SFA.DAS.EAS.Infrastructure.UnitTests.csproj", "{8A2A2059-CB81-4336-8D08-BDCB37901B96}"
EndProject
Project("{2150E333-8FDC-42A3-9474-1A3956D46DE8}") = "PreReqs", "PreReqs", "{15DE899B-AD05-470D-B0F8-E5696141CA9A}"
	ProjectSection(SolutionItems) = preProject
		DasAmlCert.pfx = DasAmlCert.pfx
		DevInstall.ps1 = DevInstall.ps1
		localhost.pfx = localhost.pfx
	EndProjectSection
EndProject
Project("{00D1A9C2-B5F0-4AF3-8072-F6C62B433612}") = "SFA.DAS.EmployerApprenticeshipsService.Levy.Database", "SFA.DAS.EmployerApprenticeshipService.HMRC.Database\SFA.DAS.EmployerApprenticeshipsService.Levy.Database.sqlproj", "{6C145D4A-CBA9-439C-984E-0A5953CBE04D}"
EndProject
Project("{FAE04EC0-301F-11D3-BF4B-00C04F79EFBC}") = "SFA.DAS.LevyAggregationProvider.Worker.AcceptanceTests", "SFA.DAS.LevyAggregationProvider.Worker.AcceptanceTests\SFA.DAS.LevyAggregationProvider.Worker.AcceptanceTests.csproj", "{093678BE-45CD-4EC9-9EB0-3665C74E0E38}"
EndProject
Project("{FAE04EC0-301F-11D3-BF4B-00C04F79EFBC}") = "SFA.DAS.Commitments.Api.Types", "SFA.DAS.Commitments.Api.Types\SFA.DAS.Commitments.Api.Types.csproj", "{AA3B3870-F97A-443B-8429-663DE064A8AD}"
EndProject
Project("{FAE04EC0-301F-11D3-BF4B-00C04F79EFBC}") = "SFA.DAS.Commitments.Api.Client", "SFA.DAS.Commitments.Api.Client\SFA.DAS.Commitments.Api.Client.csproj", "{DEA2C098-EC17-4485-961D-A7F48720D37D}"
EndProject
Project("{FAE04EC0-301F-11D3-BF4B-00C04F79EFBC}") = "SFA.DAS.Tasks.Api.Client", "SFA.DAS.Tasks.Api.Client\SFA.DAS.Tasks.Api.Client.csproj", "{E442B238-0C69-449E-A2C5-FD890CF6A7DC}"
EndProject
Project("{FAE04EC0-301F-11D3-BF4B-00C04F79EFBC}") = "SFA.DAS.EmployerApprenticeshipsService.Domain.UnitTests", "SFA.DAS.EmployerApprenticeshipsService.Domain.UnitTests\SFA.DAS.EmployerApprenticeshipsService.Domain.UnitTests.csproj", "{2CD30C50-6D64-4880-ACDC-D14E6BDF4462}"
EndProject
Project("{FAE04EC0-301F-11D3-BF4B-00C04F79EFBC}") = "SFA.DAS.Tasks.Api.Types", "SFA.DAS.Tasks.Api.Types\SFA.DAS.Tasks.Api.Types.csproj", "{E1E60BA1-5838-474E-BDA0-810D7A5B126E}"
EndProject
Project("{FAE04EC0-301F-11D3-BF4B-00C04F79EFBC}") = "SFA.DAS.EAS.Api", "SFA.DAS.EAS.Api\SFA.DAS.EAS.Api.csproj", "{40190475-1220-4CF8-8A60-223FACAFEDA1}"
EndProject
Global
	GlobalSection(SolutionConfigurationPlatforms) = preSolution
		Debug|Any CPU = Debug|Any CPU
		Release|Any CPU = Release|Any CPU
	EndGlobalSection
	GlobalSection(ProjectConfigurationPlatforms) = postSolution
		{65DB60B1-80F0-432C-926E-7A6DD02A5645}.Debug|Any CPU.ActiveCfg = Debug|Any CPU
		{65DB60B1-80F0-432C-926E-7A6DD02A5645}.Debug|Any CPU.Build.0 = Debug|Any CPU
		{65DB60B1-80F0-432C-926E-7A6DD02A5645}.Release|Any CPU.ActiveCfg = Release|Any CPU
		{65DB60B1-80F0-432C-926E-7A6DD02A5645}.Release|Any CPU.Build.0 = Release|Any CPU
		{BED31C59-63BE-4F2A-A814-4FF848E3F440}.Debug|Any CPU.ActiveCfg = Debug|Any CPU
		{BED31C59-63BE-4F2A-A814-4FF848E3F440}.Debug|Any CPU.Build.0 = Debug|Any CPU
		{BED31C59-63BE-4F2A-A814-4FF848E3F440}.Release|Any CPU.ActiveCfg = Release|Any CPU
		{BED31C59-63BE-4F2A-A814-4FF848E3F440}.Release|Any CPU.Build.0 = Release|Any CPU
		{97F77CF7-A13E-4441-8081-F941AC1B8BB1}.Debug|Any CPU.ActiveCfg = Debug|Any CPU
		{97F77CF7-A13E-4441-8081-F941AC1B8BB1}.Debug|Any CPU.Build.0 = Debug|Any CPU
		{97F77CF7-A13E-4441-8081-F941AC1B8BB1}.Release|Any CPU.ActiveCfg = Release|Any CPU
		{97F77CF7-A13E-4441-8081-F941AC1B8BB1}.Release|Any CPU.Build.0 = Release|Any CPU
		{01AC2BC2-AC01-400F-AB8F-548DD5C0EE74}.Debug|Any CPU.ActiveCfg = Debug|Any CPU
		{01AC2BC2-AC01-400F-AB8F-548DD5C0EE74}.Debug|Any CPU.Build.0 = Debug|Any CPU
		{01AC2BC2-AC01-400F-AB8F-548DD5C0EE74}.Release|Any CPU.ActiveCfg = Release|Any CPU
		{01AC2BC2-AC01-400F-AB8F-548DD5C0EE74}.Release|Any CPU.Build.0 = Release|Any CPU
		{EC415CDA-9294-4967-BD27-AA900985427D}.Debug|Any CPU.ActiveCfg = Debug|Any CPU
		{EC415CDA-9294-4967-BD27-AA900985427D}.Debug|Any CPU.Build.0 = Debug|Any CPU
		{EC415CDA-9294-4967-BD27-AA900985427D}.Release|Any CPU.ActiveCfg = Release|Any CPU
		{EC415CDA-9294-4967-BD27-AA900985427D}.Release|Any CPU.Build.0 = Release|Any CPU
		{9DD77DF0-827E-4C14-B14B-B991BF26FD8C}.Debug|Any CPU.ActiveCfg = Debug|Any CPU
		{9DD77DF0-827E-4C14-B14B-B991BF26FD8C}.Debug|Any CPU.Build.0 = Debug|Any CPU
		{9DD77DF0-827E-4C14-B14B-B991BF26FD8C}.Release|Any CPU.ActiveCfg = Release|Any CPU
		{9DD77DF0-827E-4C14-B14B-B991BF26FD8C}.Release|Any CPU.Build.0 = Release|Any CPU
		{927A0BEA-B043-4A03-9311-F49CB60541D5}.Debug|Any CPU.ActiveCfg = Debug|Any CPU
		{927A0BEA-B043-4A03-9311-F49CB60541D5}.Debug|Any CPU.Build.0 = Debug|Any CPU
		{927A0BEA-B043-4A03-9311-F49CB60541D5}.Debug|Any CPU.Deploy.0 = Debug|Any CPU
		{927A0BEA-B043-4A03-9311-F49CB60541D5}.Release|Any CPU.ActiveCfg = Release|Any CPU
		{386ADB6F-CE56-4AFD-B762-DE93E74AFD41}.Debug|Any CPU.ActiveCfg = Debug|Any CPU
		{386ADB6F-CE56-4AFD-B762-DE93E74AFD41}.Debug|Any CPU.Build.0 = Debug|Any CPU
		{386ADB6F-CE56-4AFD-B762-DE93E74AFD41}.Release|Any CPU.ActiveCfg = Release|Any CPU
		{386ADB6F-CE56-4AFD-B762-DE93E74AFD41}.Release|Any CPU.Build.0 = Release|Any CPU
		{8EFAE9BB-8F29-4E3D-9EA4-C1F3D07E78D5}.Debug|Any CPU.ActiveCfg = Debug|Any CPU
		{8EFAE9BB-8F29-4E3D-9EA4-C1F3D07E78D5}.Debug|Any CPU.Build.0 = Debug|Any CPU
		{8EFAE9BB-8F29-4E3D-9EA4-C1F3D07E78D5}.Release|Any CPU.ActiveCfg = Release|Any CPU
		{8EFAE9BB-8F29-4E3D-9EA4-C1F3D07E78D5}.Release|Any CPU.Build.0 = Release|Any CPU
		{C1AB252E-8041-41CC-B192-CF543F4AEB13}.Debug|Any CPU.ActiveCfg = Debug|Any CPU
		{C1AB252E-8041-41CC-B192-CF543F4AEB13}.Debug|Any CPU.Build.0 = Debug|Any CPU
		{C1AB252E-8041-41CC-B192-CF543F4AEB13}.Release|Any CPU.ActiveCfg = Release|Any CPU
		{C1AB252E-8041-41CC-B192-CF543F4AEB13}.Release|Any CPU.Build.0 = Release|Any CPU
		{88E7DB8E-7A95-4EA1-8CDF-7406188D642D}.Debug|Any CPU.ActiveCfg = Debug|Any CPU
		{88E7DB8E-7A95-4EA1-8CDF-7406188D642D}.Debug|Any CPU.Build.0 = Debug|Any CPU
		{88E7DB8E-7A95-4EA1-8CDF-7406188D642D}.Release|Any CPU.ActiveCfg = Release|Any CPU
		{88E7DB8E-7A95-4EA1-8CDF-7406188D642D}.Release|Any CPU.Build.0 = Release|Any CPU
		{05D7C094-E2C9-4CCD-B0D7-85D263254B26}.Debug|Any CPU.ActiveCfg = Debug|Any CPU
		{05D7C094-E2C9-4CCD-B0D7-85D263254B26}.Debug|Any CPU.Build.0 = Debug|Any CPU
		{05D7C094-E2C9-4CCD-B0D7-85D263254B26}.Release|Any CPU.ActiveCfg = Release|Any CPU
		{05D7C094-E2C9-4CCD-B0D7-85D263254B26}.Release|Any CPU.Build.0 = Release|Any CPU
		{0226F97A-704E-49B0-A100-B75FEEC9C8AD}.Debug|Any CPU.ActiveCfg = Debug|Any CPU
		{0226F97A-704E-49B0-A100-B75FEEC9C8AD}.Debug|Any CPU.Build.0 = Debug|Any CPU
		{0226F97A-704E-49B0-A100-B75FEEC9C8AD}.Release|Any CPU.ActiveCfg = Release|Any CPU
		{0226F97A-704E-49B0-A100-B75FEEC9C8AD}.Release|Any CPU.Build.0 = Release|Any CPU
		{275B7C02-04EA-4064-867D-C15025A55D7D}.Debug|Any CPU.ActiveCfg = Debug|Any CPU
		{275B7C02-04EA-4064-867D-C15025A55D7D}.Debug|Any CPU.Build.0 = Debug|Any CPU
		{275B7C02-04EA-4064-867D-C15025A55D7D}.Release|Any CPU.ActiveCfg = Release|Any CPU
		{275B7C02-04EA-4064-867D-C15025A55D7D}.Release|Any CPU.Build.0 = Release|Any CPU
		{9E9A26C8-BFE9-4DA7-A7D9-06A5CF63C0EB}.Debug|Any CPU.ActiveCfg = Debug|Any CPU
		{9E9A26C8-BFE9-4DA7-A7D9-06A5CF63C0EB}.Debug|Any CPU.Build.0 = Debug|Any CPU
		{9E9A26C8-BFE9-4DA7-A7D9-06A5CF63C0EB}.Release|Any CPU.ActiveCfg = Release|Any CPU
		{9E9A26C8-BFE9-4DA7-A7D9-06A5CF63C0EB}.Release|Any CPU.Build.0 = Release|Any CPU
		{456CA894-116B-4708-A5AB-4B81FAAA1FAD}.Debug|Any CPU.ActiveCfg = Debug|Any CPU
		{456CA894-116B-4708-A5AB-4B81FAAA1FAD}.Debug|Any CPU.Build.0 = Debug|Any CPU
		{456CA894-116B-4708-A5AB-4B81FAAA1FAD}.Release|Any CPU.ActiveCfg = Release|Any CPU
		{456CA894-116B-4708-A5AB-4B81FAAA1FAD}.Release|Any CPU.Build.0 = Release|Any CPU
		{8A2A2059-CB81-4336-8D08-BDCB37901B96}.Debug|Any CPU.ActiveCfg = Debug|Any CPU
		{8A2A2059-CB81-4336-8D08-BDCB37901B96}.Debug|Any CPU.Build.0 = Debug|Any CPU
		{8A2A2059-CB81-4336-8D08-BDCB37901B96}.Release|Any CPU.ActiveCfg = Release|Any CPU
		{8A2A2059-CB81-4336-8D08-BDCB37901B96}.Release|Any CPU.Build.0 = Release|Any CPU
		{6C145D4A-CBA9-439C-984E-0A5953CBE04D}.Debug|Any CPU.ActiveCfg = Debug|Any CPU
		{6C145D4A-CBA9-439C-984E-0A5953CBE04D}.Debug|Any CPU.Build.0 = Debug|Any CPU
		{6C145D4A-CBA9-439C-984E-0A5953CBE04D}.Debug|Any CPU.Deploy.0 = Debug|Any CPU
		{6C145D4A-CBA9-439C-984E-0A5953CBE04D}.Release|Any CPU.ActiveCfg = Release|Any CPU
		{6C145D4A-CBA9-439C-984E-0A5953CBE04D}.Release|Any CPU.Deploy.0 = Release|Any CPU
		{093678BE-45CD-4EC9-9EB0-3665C74E0E38}.Debug|Any CPU.ActiveCfg = Debug|Any CPU
		{093678BE-45CD-4EC9-9EB0-3665C74E0E38}.Debug|Any CPU.Build.0 = Debug|Any CPU
		{093678BE-45CD-4EC9-9EB0-3665C74E0E38}.Release|Any CPU.ActiveCfg = Release|Any CPU
		{093678BE-45CD-4EC9-9EB0-3665C74E0E38}.Release|Any CPU.Build.0 = Release|Any CPU
		{AA3B3870-F97A-443B-8429-663DE064A8AD}.Debug|Any CPU.ActiveCfg = Debug|Any CPU
		{AA3B3870-F97A-443B-8429-663DE064A8AD}.Debug|Any CPU.Build.0 = Debug|Any CPU
		{AA3B3870-F97A-443B-8429-663DE064A8AD}.Release|Any CPU.ActiveCfg = Release|Any CPU
		{AA3B3870-F97A-443B-8429-663DE064A8AD}.Release|Any CPU.Build.0 = Release|Any CPU
		{DEA2C098-EC17-4485-961D-A7F48720D37D}.Debug|Any CPU.ActiveCfg = Debug|Any CPU
		{DEA2C098-EC17-4485-961D-A7F48720D37D}.Debug|Any CPU.Build.0 = Debug|Any CPU
		{DEA2C098-EC17-4485-961D-A7F48720D37D}.Release|Any CPU.ActiveCfg = Release|Any CPU
		{DEA2C098-EC17-4485-961D-A7F48720D37D}.Release|Any CPU.Build.0 = Release|Any CPU
		{E442B238-0C69-449E-A2C5-FD890CF6A7DC}.Debug|Any CPU.ActiveCfg = Debug|Any CPU
		{E442B238-0C69-449E-A2C5-FD890CF6A7DC}.Debug|Any CPU.Build.0 = Debug|Any CPU
		{E442B238-0C69-449E-A2C5-FD890CF6A7DC}.Release|Any CPU.ActiveCfg = Release|Any CPU
		{E442B238-0C69-449E-A2C5-FD890CF6A7DC}.Release|Any CPU.Build.0 = Release|Any CPU
		{2CD30C50-6D64-4880-ACDC-D14E6BDF4462}.Debug|Any CPU.ActiveCfg = Debug|Any CPU
		{2CD30C50-6D64-4880-ACDC-D14E6BDF4462}.Debug|Any CPU.Build.0 = Debug|Any CPU
		{2CD30C50-6D64-4880-ACDC-D14E6BDF4462}.Release|Any CPU.ActiveCfg = Release|Any CPU
		{2CD30C50-6D64-4880-ACDC-D14E6BDF4462}.Release|Any CPU.Build.0 = Release|Any CPU
		{E1E60BA1-5838-474E-BDA0-810D7A5B126E}.Debug|Any CPU.ActiveCfg = Debug|Any CPU
		{E1E60BA1-5838-474E-BDA0-810D7A5B126E}.Debug|Any CPU.Build.0 = Debug|Any CPU
		{E1E60BA1-5838-474E-BDA0-810D7A5B126E}.Release|Any CPU.ActiveCfg = Release|Any CPU
		{E1E60BA1-5838-474E-BDA0-810D7A5B126E}.Release|Any CPU.Build.0 = Release|Any CPU
		{40190475-1220-4CF8-8A60-223FACAFEDA1}.Debug|Any CPU.ActiveCfg = Debug|Any CPU
		{40190475-1220-4CF8-8A60-223FACAFEDA1}.Debug|Any CPU.Build.0 = Debug|Any CPU
		{40190475-1220-4CF8-8A60-223FACAFEDA1}.Release|Any CPU.ActiveCfg = Release|Any CPU
		{40190475-1220-4CF8-8A60-223FACAFEDA1}.Release|Any CPU.Build.0 = Release|Any CPU
	EndGlobalSection
	GlobalSection(SolutionProperties) = preSolution
		HideSolutionNode = FALSE
	EndGlobalSection
	GlobalSection(NestedProjects) = preSolution
		{BED31C59-63BE-4F2A-A814-4FF848E3F440} = {331690B3-1DA8-408E-B6A7-A3237310E6AB}
		{9DD77DF0-827E-4C14-B14B-B991BF26FD8C} = {331690B3-1DA8-408E-B6A7-A3237310E6AB}
		{8EFAE9BB-8F29-4E3D-9EA4-C1F3D07E78D5} = {331690B3-1DA8-408E-B6A7-A3237310E6AB}
		{88E7DB8E-7A95-4EA1-8CDF-7406188D642D} = {331690B3-1DA8-408E-B6A7-A3237310E6AB}
		{05D7C094-E2C9-4CCD-B0D7-85D263254B26} = {331690B3-1DA8-408E-B6A7-A3237310E6AB}
		{9E9A26C8-BFE9-4DA7-A7D9-06A5CF63C0EB} = {331690B3-1DA8-408E-B6A7-A3237310E6AB}
		{456CA894-116B-4708-A5AB-4B81FAAA1FAD} = {331690B3-1DA8-408E-B6A7-A3237310E6AB}
		{8A2A2059-CB81-4336-8D08-BDCB37901B96} = {331690B3-1DA8-408E-B6A7-A3237310E6AB}
		{093678BE-45CD-4EC9-9EB0-3665C74E0E38} = {331690B3-1DA8-408E-B6A7-A3237310E6AB}
		{2CD30C50-6D64-4880-ACDC-D14E6BDF4462} = {331690B3-1DA8-408E-B6A7-A3237310E6AB}
	EndGlobalSection
EndGlobal
